
Microsoft Visual Studio Solution File, Format Version 12.00
# Visual Studio Version 17
VisualStudioVersion = 17.9.34728.123
MinimumVisualStudioVersion = 10.0.40219.1
Project("{FAE04EC0-301F-11D3-BF4B-00C04F79EFBC}") = "FileSignatureChecker", "FileSignatureChecker.csproj", "{0D648BEF-1631-4F3D-BC1D-CA0098A99D90}"
EndProject
Global
	GlobalSection(SolutionConfigurationPlatforms) = preSolution
		Debug|Any CPU = Debug|Any CPU
		Release|Any CPU = Release|Any CPU
	EndGlobalSection
	GlobalSection(ProjectConfigurationPlatforms) = postSolution
		{0D648BEF-1631-4F3D-BC1D-CA0098A99D90}.Debug|Any CPU.ActiveCfg = Debug|Any CPU
		{0D648BEF-1631-4F3D-BC1D-CA0098A99D90}.Debug|Any CPU.Build.0 = Debug|Any CPU
		{0D648BEF-1631-4F3D-BC1D-CA0098A99D90}.Release|Any CPU.ActiveCfg = Release|Any CPU
		{0D648BEF-1631-4F3D-BC1D-CA0098A99D90}.Release|Any CPU.Build.0 = Release|Any CPU
	EndGlobalSection
	GlobalSection(SolutionProperties) = preSolution
		HideSolutionNode = FALSE
	EndGlobalSection
	GlobalSection(ExtensibilityGlobals) = postSolution
		SolutionGuid = {6249FAB9-8F11-4291-B6B7-5E9BFE587049}
	EndGlobalSection
EndGlobal
